<?xml version="1.0" encoding="UTF-8"?>
<Project ToolsVersion="14.0" xmlns="http://schemas.microsoft.com/developer/msbuild/2003">
  <ItemGroup>
    <CustomBuild Include="C:\Users\Coral\Desktop\CoralPhone-desktop\linphone-sdk\cmake-builder\CMakeLists.txt" />
    <CustomBuild Include="C:\Users\Coral\Desktop\CoralPhone-desktop\WORK\desktop\cmake\CMakeFiles\8e3528e425bdeb156e1a92f0ba6ef0f2\EP_bv16-mkdir.rule">
      <Filter>CMake Rules</Filter>
    </CustomBuild>
    <CustomBuild Include="C:\Users\Coral\Desktop\CoralPhone-desktop\WORK\desktop\cmake\CMakeFiles\8e3528e425bdeb156e1a92f0ba6ef0f2\EP_bv16-download.rule">
      <Filter>CMake Rules</Filter>
    </CustomBuild>
    <CustomBuild Include="C:\Users\Coral\Desktop\CoralPhone-desktop\WORK\desktop\cmake\CMakeFiles\8e3528e425bdeb156e1a92f0ba6ef0f2\EP_bv16-update.rule">
      <Filter>CMake Rules</Filter>
    </CustomBuild>
    <CustomBuild Include="C:\Users\Coral\Desktop\CoralPhone-desktop\WORK\desktop\cmake\CMakeFiles\8e3528e425bdeb156e1a92f0ba6ef0f2\EP_bv16-patch.rule">
      <Filter>CMake Rules</Filter>
    </CustomBuild>
    <CustomBuild Include="C:\Users\Coral\Desktop\CoralPhone-desktop\WORK\desktop\cmake\CMakeFiles\8e3528e425bdeb156e1a92f0ba6ef0f2\EP_bv16-configure.rule">
      <Filter>CMake Rules</Filter>
    </CustomBuild>
    <CustomBuild Include="C:\Users\Coral\Desktop\CoralPhone-desktop\WORK\desktop\cmake\CMakeFiles\8e3528e425bdeb156e1a92f0ba6ef0f2\EP_bv16-force_build.rule">
      <Filter>CMake Rules</Filter>
    </CustomBuild>
    <CustomBuild Include="C:\Users\Coral\Desktop\CoralPhone-desktop\WORK\desktop\cmake\CMakeFiles\8e3528e425bdeb156e1a92f0ba6ef0f2\EP_bv16-build.rule">
      <Filter>CMake Rules</Filter>
    </CustomBuild>
    <CustomBuild Include="C:\Users\Coral\Desktop\CoralPhone-desktop\WORK\desktop\cmake\CMakeFiles\8e3528e425bdeb156e1a92f0ba6ef0f2\EP_bv16-install.rule">
      <Filter>CMake Rules</Filter>
    </CustomBuild>
    <CustomBuild Include="C:\Users\Coral\Desktop\CoralPhone-desktop\WORK\desktop\cmake\CMakeFiles\461a8ba054db055c81fdb0de8a163e6d\EP_bv16-complete.rule">
      <Filter>CMake Rules</Filter>
    </CustomBuild>
    <CustomBuild Include="C:\Users\Coral\Desktop\CoralPhone-desktop\WORK\desktop\cmake\CMakeFiles\9a0352600236e06bbf09bdfb34dc9ae3\EP_bv16.rule">
      <Filter>CMake Rules</Filter>
    </CustomBuild>
  </ItemGroup>
  <ItemGroup>
    <None Include="C:\Users\Coral\Desktop\CoralPhone-desktop\WORK\desktop\cmake\CMakeFiles\EP_bv16" />
  </ItemGroup>
  <ItemGroup>
    <Filter Include="CMake Rules">
      <UniqueIdentifier>{7D15FB63-C293-3AB6-B1F6-280DA2C15842}</UniqueIdentifier>
    </Filter>
  </ItemGroup>
</Project>
