<?xml version="1.0" encoding="UTF-8"?>
<Project ToolsVersion="14.0" xmlns="http://schemas.microsoft.com/developer/msbuild/2003">
  <ItemGroup>
    <CustomBuild Include="C:\Users\Coral\Desktop\CoralPhone-desktop\linphone-sdk\cmake-builder\CMakeLists.txt" />
    <CustomBuild Include="C:\Users\Coral\Desktop\CoralPhone-desktop\WORK\desktop\cmake\CMakeFiles\ca112841263118c035e4fecbdf2b8f95\EP_turbo-jpeg-mkdir.rule">
      <Filter>CMake Rules</Filter>
    </CustomBuild>
    <CustomBuild Include="C:\Users\Coral\Desktop\CoralPhone-desktop\WORK\desktop\cmake\CMakeFiles\ca112841263118c035e4fecbdf2b8f95\EP_turbo-jpeg-download.rule">
      <Filter>CMake Rules</Filter>
    </CustomBuild>
    <CustomBuild Include="C:\Users\Coral\Desktop\CoralPhone-desktop\WORK\desktop\cmake\CMakeFiles\ca112841263118c035e4fecbdf2b8f95\EP_turbo-jpeg-update.rule">
      <Filter>CMake Rules</Filter>
    </CustomBuild>
    <CustomBuild Include="C:\Users\Coral\Desktop\CoralPhone-desktop\WORK\desktop\cmake\CMakeFiles\ca112841263118c035e4fecbdf2b8f95\EP_turbo-jpeg-patch.rule">
      <Filter>CMake Rules</Filter>
    </CustomBuild>
    <CustomBuild Include="C:\Users\Coral\Desktop\CoralPhone-desktop\WORK\desktop\cmake\CMakeFiles\ca112841263118c035e4fecbdf2b8f95\EP_turbo-jpeg-configure.rule">
      <Filter>CMake Rules</Filter>
    </CustomBuild>
    <CustomBuild Include="C:\Users\Coral\Desktop\CoralPhone-desktop\WORK\desktop\cmake\CMakeFiles\ca112841263118c035e4fecbdf2b8f95\EP_turbo-jpeg-force_build.rule">
      <Filter>CMake Rules</Filter>
    </CustomBuild>
    <CustomBuild Include="C:\Users\Coral\Desktop\CoralPhone-desktop\WORK\desktop\cmake\CMakeFiles\ca112841263118c035e4fecbdf2b8f95\EP_turbo-jpeg-build.rule">
      <Filter>CMake Rules</Filter>
    </CustomBuild>
    <CustomBuild Include="C:\Users\Coral\Desktop\CoralPhone-desktop\WORK\desktop\cmake\CMakeFiles\ca112841263118c035e4fecbdf2b8f95\EP_turbo-jpeg-install.rule">
      <Filter>CMake Rules</Filter>
    </CustomBuild>
    <CustomBuild Include="C:\Users\Coral\Desktop\CoralPhone-desktop\WORK\desktop\cmake\CMakeFiles\461a8ba054db055c81fdb0de8a163e6d\EP_turbo-jpeg-complete.rule">
      <Filter>CMake Rules</Filter>
    </CustomBuild>
    <CustomBuild Include="C:\Users\Coral\Desktop\CoralPhone-desktop\WORK\desktop\cmake\CMakeFiles\9a0352600236e06bbf09bdfb34dc9ae3\EP_turbo-jpeg.rule">
      <Filter>CMake Rules</Filter>
    </CustomBuild>
  </ItemGroup>
  <ItemGroup>
    <None Include="C:\Users\Coral\Desktop\CoralPhone-desktop\WORK\desktop\cmake\CMakeFiles\EP_turbo-jpeg" />
  </ItemGroup>
  <ItemGroup>
    <Filter Include="CMake Rules">
      <UniqueIdentifier>{7D15FB63-C293-3AB6-B1F6-280DA2C15842}</UniqueIdentifier>
    </Filter>
  </ItemGroup>
</Project>
