Microsoft Visual Studio Solution File, Format Version 12.00
# Visual Studio 14
Project("{8BC9CEB8-8B4A-11D0-8D11-00A0C91BC942}") = "ALL_BUILD", "ALL_BUILD.vcxproj", "{B5F452CC-DAB1-3358-A79C-50B019F71058}"
	ProjectSection(ProjectDependencies) = postProject
		{132177B2-3815-3686-A9F8-BF92CFEC1E5F} = {132177B2-3815-3686-A9F8-BF92CFEC1E5F}
		{F0E84332-C1E1-3AA9-8CBD-DD7989890764} = {F0E84332-C1E1-3AA9-8CBD-DD7989890764}
		{822BAA31-62BC-3714-989E-38A9EE38C882} = {822BAA31-62BC-3714-989E-38A9EE38C882}
		{94EB69B6-C2A6-388F-BB55-CE73CC6FE66B} = {94EB69B6-C2A6-388F-BB55-CE73CC6FE66B}
		{C3FD68E5-19A2-3923-9BAC-EDD765D4FAD2} = {C3FD68E5-19A2-3923-9BAC-EDD765D4FAD2}
		{9236326D-F26B-3516-823F-97BFA7F338BB} = {9236326D-F26B-3516-823F-97BFA7F338BB}
		{90AEB50E-53E0-3AF6-9E72-EB8AF6F369F7} = {90AEB50E-53E0-3AF6-9E72-EB8AF6F369F7}
		{793EF6E6-99DD-3D92-A24C-33FFFD9D674F} = {793EF6E6-99DD-3D92-A24C-33FFFD9D674F}
		{74234438-9C80-31D0-B012-9590CD98BFE2} = {74234438-9C80-31D0-B012-9590CD98BFE2}
		{F8FC307D-6E3B-31C2-B575-23BD4B86D497} = {F8FC307D-6E3B-31C2-B575-23BD4B86D497}
		{5E59C23C-B8CC-3E94-9CBD-21D812C28DE9} = {5E59C23C-B8CC-3E94-9CBD-21D812C28DE9}
		{B889AE50-9B98-3182-8F20-E7196DAC889C} = {B889AE50-9B98-3182-8F20-E7196DAC889C}
		{662D7831-4E31-31DA-9D4E-162FBA04CA66} = {662D7831-4E31-31DA-9D4E-162FBA04CA66}
		{8ADBDA67-AFAA-3650-9CA0-4201A2F68684} = {8ADBDA67-AFAA-3650-9CA0-4201A2F68684}
		{8D785D4B-443D-3B40-9050-3CD5DB586521} = {8D785D4B-443D-3B40-9050-3CD5DB586521}
		{426BFC33-5F74-3030-97DD-0BA4C80D59A8} = {426BFC33-5F74-3030-97DD-0BA4C80D59A8}
		{B3A2D95F-D26A-3DFE-B57F-925EDC8A3C53} = {B3A2D95F-D26A-3DFE-B57F-925EDC8A3C53}
		{922971B8-F209-34EC-A0C2-AF2F7C21783F} = {922971B8-F209-34EC-A0C2-AF2F7C21783F}
		{A202B979-3950-3A02-968D-9D1A13DA35C2} = {A202B979-3950-3A02-968D-9D1A13DA35C2}
		{B5ADD093-3437-34DE-9B5E-8C9EECD0F285} = {B5ADD093-3437-34DE-9B5E-8C9EECD0F285}
		{0C025BBB-495D-3760-A168-206BE5509119} = {0C025BBB-495D-3760-A168-206BE5509119}
		{2991868F-E160-3CA1-A8B3-F4B6C8D534DC} = {2991868F-E160-3CA1-A8B3-F4B6C8D534DC}
		{475D916A-02C2-37BB-B884-872275F06B11} = {475D916A-02C2-37BB-B884-872275F06B11}
		{0DA07CEF-73A1-364E-A09C-C27F22A4BA86} = {0DA07CEF-73A1-364E-A09C-C27F22A4BA86}
		{C7A0D0CD-A58D-3DDF-8A2C-AE61C6018ECB} = {C7A0D0CD-A58D-3DDF-8A2C-AE61C6018ECB}
		{7D05A2D2-F5B6-3E5A-91DE-F9B3FCC6A9BA} = {7D05A2D2-F5B6-3E5A-91DE-F9B3FCC6A9BA}
		{251B5597-6091-3D78-A187-055F8164C449} = {251B5597-6091-3D78-A187-055F8164C449}
		{B2EF3561-EDC2-3F4B-BAD2-6EBBF1005C5B} = {B2EF3561-EDC2-3F4B-BAD2-6EBBF1005C5B}
		{8CF8F5BA-93F2-33F5-8056-F6E77EA7CE38} = {8CF8F5BA-93F2-33F5-8056-F6E77EA7CE38}
		{AE479B4E-044D-3B3A-A085-877864B229E4} = {AE479B4E-044D-3B3A-A085-877864B229E4}
		{6D8D5E5E-8C8D-32E9-9D4D-37C42CF36FBE} = {6D8D5E5E-8C8D-32E9-9D4D-37C42CF36FBE}
		{A8ADBCC2-B75C-352A-BA33-E94FCBA65509} = {A8ADBCC2-B75C-352A-BA33-E94FCBA65509}
		{40B83701-FC58-32CA-85C9-173DDAF752E0} = {40B83701-FC58-32CA-85C9-173DDAF752E0}
		{CC5B2E3F-7D12-3351-AE15-32EF690EAC27} = {CC5B2E3F-7D12-3351-AE15-32EF690EAC27}
		{60A73F4A-D722-3B1C-BB3A-E481BA6C559E} = {60A73F4A-D722-3B1C-BB3A-E481BA6C559E}
	EndProjectSection
EndProject
Project("{8BC9CEB8-8B4A-11D0-8D11-00A0C91BC942}") = "EP_bctoolbox", "EP_bctoolbox.vcxproj", "{132177B2-3815-3686-A9F8-BF92CFEC1E5F}"
	ProjectSection(ProjectDependencies) = postProject
		{F0E84332-C1E1-3AA9-8CBD-DD7989890764} = {F0E84332-C1E1-3AA9-8CBD-DD7989890764}
		{8ADBDA67-AFAA-3650-9CA0-4201A2F68684} = {8ADBDA67-AFAA-3650-9CA0-4201A2F68684}
		{CC5B2E3F-7D12-3351-AE15-32EF690EAC27} = {CC5B2E3F-7D12-3351-AE15-32EF690EAC27}
	EndProjectSection
EndProject
Project("{8BC9CEB8-8B4A-11D0-8D11-00A0C91BC942}") = "EP_bcunit", "EP_bcunit.vcxproj", "{F0E84332-C1E1-3AA9-8CBD-DD7989890764}"
	ProjectSection(ProjectDependencies) = postProject
		{CC5B2E3F-7D12-3351-AE15-32EF690EAC27} = {CC5B2E3F-7D12-3351-AE15-32EF690EAC27}
	EndProjectSection
EndProject
Project("{8BC9CEB8-8B4A-11D0-8D11-00A0C91BC942}") = "EP_belcard", "EP_belcard.vcxproj", "{822BAA31-62BC-3714-989E-38A9EE38C882}"
	ProjectSection(ProjectDependencies) = postProject
		{132177B2-3815-3686-A9F8-BF92CFEC1E5F} = {132177B2-3815-3686-A9F8-BF92CFEC1E5F}
		{C3FD68E5-19A2-3923-9BAC-EDD765D4FAD2} = {C3FD68E5-19A2-3923-9BAC-EDD765D4FAD2}
		{CC5B2E3F-7D12-3351-AE15-32EF690EAC27} = {CC5B2E3F-7D12-3351-AE15-32EF690EAC27}
	EndProjectSection
EndProject
Project("{8BC9CEB8-8B4A-11D0-8D11-00A0C91BC942}") = "EP_bellesip", "EP_bellesip.vcxproj", "{94EB69B6-C2A6-388F-BB55-CE73CC6FE66B}"
	ProjectSection(ProjectDependencies) = postProject
		{132177B2-3815-3686-A9F8-BF92CFEC1E5F} = {132177B2-3815-3686-A9F8-BF92CFEC1E5F}
		{AE479B4E-044D-3B3A-A085-877864B229E4} = {AE479B4E-044D-3B3A-A085-877864B229E4}
		{CC5B2E3F-7D12-3351-AE15-32EF690EAC27} = {CC5B2E3F-7D12-3351-AE15-32EF690EAC27}
	EndProjectSection
EndProject
Project("{8BC9CEB8-8B4A-11D0-8D11-00A0C91BC942}") = "EP_belr", "EP_belr.vcxproj", "{C3FD68E5-19A2-3923-9BAC-EDD765D4FAD2}"
	ProjectSection(ProjectDependencies) = postProject
		{132177B2-3815-3686-A9F8-BF92CFEC1E5F} = {132177B2-3815-3686-A9F8-BF92CFEC1E5F}
		{CC5B2E3F-7D12-3351-AE15-32EF690EAC27} = {CC5B2E3F-7D12-3351-AE15-32EF690EAC27}
	EndProjectSection
EndProject
Project("{8BC9CEB8-8B4A-11D0-8D11-00A0C91BC942}") = "EP_bv16", "EP_bv16.vcxproj", "{9236326D-F26B-3516-823F-97BFA7F338BB}"
	ProjectSection(ProjectDependencies) = postProject
		{CC5B2E3F-7D12-3351-AE15-32EF690EAC27} = {CC5B2E3F-7D12-3351-AE15-32EF690EAC27}
	EndProjectSection
EndProject
Project("{8BC9CEB8-8B4A-11D0-8D11-00A0C91BC942}") = "EP_bzrtp", "EP_bzrtp.vcxproj", "{90AEB50E-53E0-3AF6-9E72-EB8AF6F369F7}"
	ProjectSection(ProjectDependencies) = postProject
		{132177B2-3815-3686-A9F8-BF92CFEC1E5F} = {132177B2-3815-3686-A9F8-BF92CFEC1E5F}
		{F0E84332-C1E1-3AA9-8CBD-DD7989890764} = {F0E84332-C1E1-3AA9-8CBD-DD7989890764}
		{0DA07CEF-73A1-364E-A09C-C27F22A4BA86} = {0DA07CEF-73A1-364E-A09C-C27F22A4BA86}
		{8CF8F5BA-93F2-33F5-8056-F6E77EA7CE38} = {8CF8F5BA-93F2-33F5-8056-F6E77EA7CE38}
		{CC5B2E3F-7D12-3351-AE15-32EF690EAC27} = {CC5B2E3F-7D12-3351-AE15-32EF690EAC27}
	EndProjectSection
EndProject
Project("{8BC9CEB8-8B4A-11D0-8D11-00A0C91BC942}") = "EP_ffmpeg", "EP_ffmpeg.vcxproj", "{793EF6E6-99DD-3D92-A24C-33FFFD9D674F}"
	ProjectSection(ProjectDependencies) = postProject
		{CC5B2E3F-7D12-3351-AE15-32EF690EAC27} = {CC5B2E3F-7D12-3351-AE15-32EF690EAC27}
	EndProjectSection
EndProject
Project("{8BC9CEB8-8B4A-11D0-8D11-00A0C91BC942}") = "EP_gsm", "EP_gsm.vcxproj", "{74234438-9C80-31D0-B012-9590CD98BFE2}"
	ProjectSection(ProjectDependencies) = postProject
		{CC5B2E3F-7D12-3351-AE15-32EF690EAC27} = {CC5B2E3F-7D12-3351-AE15-32EF690EAC27}
	EndProjectSection
EndProject
Project("{8BC9CEB8-8B4A-11D0-8D11-00A0C91BC942}") = "EP_libxsd", "EP_libxsd.vcxproj", "{F8FC307D-6E3B-31C2-B575-23BD4B86D497}"
	ProjectSection(ProjectDependencies) = postProject
		{B2EF3561-EDC2-3F4B-BAD2-6EBBF1005C5B} = {B2EF3561-EDC2-3F4B-BAD2-6EBBF1005C5B}
		{CC5B2E3F-7D12-3351-AE15-32EF690EAC27} = {CC5B2E3F-7D12-3351-AE15-32EF690EAC27}
	EndProjectSection
EndProject
Project("{8BC9CEB8-8B4A-11D0-8D11-00A0C91BC942}") = "EP_linphone", "EP_linphone.vcxproj", "{5E59C23C-B8CC-3E94-9CBD-21D812C28DE9}"
	ProjectSection(ProjectDependencies) = postProject
		{132177B2-3815-3686-A9F8-BF92CFEC1E5F} = {132177B2-3815-3686-A9F8-BF92CFEC1E5F}
		{822BAA31-62BC-3714-989E-38A9EE38C882} = {822BAA31-62BC-3714-989E-38A9EE38C882}
		{94EB69B6-C2A6-388F-BB55-CE73CC6FE66B} = {94EB69B6-C2A6-388F-BB55-CE73CC6FE66B}
		{C3FD68E5-19A2-3923-9BAC-EDD765D4FAD2} = {C3FD68E5-19A2-3923-9BAC-EDD765D4FAD2}
		{F8FC307D-6E3B-31C2-B575-23BD4B86D497} = {F8FC307D-6E3B-31C2-B575-23BD4B86D497}
		{426BFC33-5F74-3030-97DD-0BA4C80D59A8} = {426BFC33-5F74-3030-97DD-0BA4C80D59A8}
		{B3A2D95F-D26A-3DFE-B57F-925EDC8A3C53} = {B3A2D95F-D26A-3DFE-B57F-925EDC8A3C53}
		{0C025BBB-495D-3760-A168-206BE5509119} = {0C025BBB-495D-3760-A168-206BE5509119}
		{2991868F-E160-3CA1-A8B3-F4B6C8D534DC} = {2991868F-E160-3CA1-A8B3-F4B6C8D534DC}
		{0DA07CEF-73A1-364E-A09C-C27F22A4BA86} = {0DA07CEF-73A1-364E-A09C-C27F22A4BA86}
		{8CF8F5BA-93F2-33F5-8056-F6E77EA7CE38} = {8CF8F5BA-93F2-33F5-8056-F6E77EA7CE38}
		{AE479B4E-044D-3B3A-A085-877864B229E4} = {AE479B4E-044D-3B3A-A085-877864B229E4}
		{CC5B2E3F-7D12-3351-AE15-32EF690EAC27} = {CC5B2E3F-7D12-3351-AE15-32EF690EAC27}
	EndProjectSection
EndProject
Project("{8BC9CEB8-8B4A-11D0-8D11-00A0C91BC942}") = "EP_linphoneqt", "EP_linphoneqt.vcxproj", "{B889AE50-9B98-3182-8F20-E7196DAC889C}"
	ProjectSection(ProjectDependencies) = postProject
		{5E59C23C-B8CC-3E94-9CBD-21D812C28DE9} = {5E59C23C-B8CC-3E94-9CBD-21D812C28DE9}
		{8D785D4B-443D-3B40-9050-3CD5DB586521} = {8D785D4B-443D-3B40-9050-3CD5DB586521}
		{B3A2D95F-D26A-3DFE-B57F-925EDC8A3C53} = {B3A2D95F-D26A-3DFE-B57F-925EDC8A3C53}
		{CC5B2E3F-7D12-3351-AE15-32EF690EAC27} = {CC5B2E3F-7D12-3351-AE15-32EF690EAC27}
	EndProjectSection
EndProject
Project("{8BC9CEB8-8B4A-11D0-8D11-00A0C91BC942}") = "EP_matroska2", "EP_matroska2.vcxproj", "{662D7831-4E31-31DA-9D4E-162FBA04CA66}"
	ProjectSection(ProjectDependencies) = postProject
		{CC5B2E3F-7D12-3351-AE15-32EF690EAC27} = {CC5B2E3F-7D12-3351-AE15-32EF690EAC27}
	EndProjectSection
EndProject
Project("{8BC9CEB8-8B4A-11D0-8D11-00A0C91BC942}") = "EP_mbedtls", "EP_mbedtls.vcxproj", "{8ADBDA67-AFAA-3650-9CA0-4201A2F68684}"
	ProjectSection(ProjectDependencies) = postProject
		{CC5B2E3F-7D12-3351-AE15-32EF690EAC27} = {CC5B2E3F-7D12-3351-AE15-32EF690EAC27}
	EndProjectSection
EndProject
Project("{8BC9CEB8-8B4A-11D0-8D11-00A0C91BC942}") = "EP_minizip", "EP_minizip.vcxproj", "{8D785D4B-443D-3B40-9050-3CD5DB586521}"
	ProjectSection(ProjectDependencies) = postProject
		{AE479B4E-044D-3B3A-A085-877864B229E4} = {AE479B4E-044D-3B3A-A085-877864B229E4}
		{CC5B2E3F-7D12-3351-AE15-32EF690EAC27} = {CC5B2E3F-7D12-3351-AE15-32EF690EAC27}
	EndProjectSection
EndProject
Project("{8BC9CEB8-8B4A-11D0-8D11-00A0C91BC942}") = "EP_ms2", "EP_ms2.vcxproj", "{426BFC33-5F74-3030-97DD-0BA4C80D59A8}"
	ProjectSection(ProjectDependencies) = postProject
		{132177B2-3815-3686-A9F8-BF92CFEC1E5F} = {132177B2-3815-3686-A9F8-BF92CFEC1E5F}
		{9236326D-F26B-3516-823F-97BFA7F338BB} = {9236326D-F26B-3516-823F-97BFA7F338BB}
		{90AEB50E-53E0-3AF6-9E72-EB8AF6F369F7} = {90AEB50E-53E0-3AF6-9E72-EB8AF6F369F7}
		{793EF6E6-99DD-3D92-A24C-33FFFD9D674F} = {793EF6E6-99DD-3D92-A24C-33FFFD9D674F}
		{74234438-9C80-31D0-B012-9590CD98BFE2} = {74234438-9C80-31D0-B012-9590CD98BFE2}
		{662D7831-4E31-31DA-9D4E-162FBA04CA66} = {662D7831-4E31-31DA-9D4E-162FBA04CA66}
		{B5ADD093-3437-34DE-9B5E-8C9EECD0F285} = {B5ADD093-3437-34DE-9B5E-8C9EECD0F285}
		{0C025BBB-495D-3760-A168-206BE5509119} = {0C025BBB-495D-3760-A168-206BE5509119}
		{475D916A-02C2-37BB-B884-872275F06B11} = {475D916A-02C2-37BB-B884-872275F06B11}
		{C7A0D0CD-A58D-3DDF-8A2C-AE61C6018ECB} = {C7A0D0CD-A58D-3DDF-8A2C-AE61C6018ECB}
		{7D05A2D2-F5B6-3E5A-91DE-F9B3FCC6A9BA} = {7D05A2D2-F5B6-3E5A-91DE-F9B3FCC6A9BA}
		{251B5597-6091-3D78-A187-055F8164C449} = {251B5597-6091-3D78-A187-055F8164C449}
		{CC5B2E3F-7D12-3351-AE15-32EF690EAC27} = {CC5B2E3F-7D12-3351-AE15-32EF690EAC27}
	EndProjectSection
EndProject
Project("{8BC9CEB8-8B4A-11D0-8D11-00A0C91BC942}") = "EP_ms2plugins", "EP_ms2plugins.vcxproj", "{B3A2D95F-D26A-3DFE-B57F-925EDC8A3C53}"
	ProjectSection(ProjectDependencies) = postProject
		{426BFC33-5F74-3030-97DD-0BA4C80D59A8} = {426BFC33-5F74-3030-97DD-0BA4C80D59A8}
		{922971B8-F209-34EC-A0C2-AF2F7C21783F} = {922971B8-F209-34EC-A0C2-AF2F7C21783F}
		{A202B979-3950-3A02-968D-9D1A13DA35C2} = {A202B979-3950-3A02-968D-9D1A13DA35C2}
		{CC5B2E3F-7D12-3351-AE15-32EF690EAC27} = {CC5B2E3F-7D12-3351-AE15-32EF690EAC27}
	EndProjectSection
EndProject
Project("{8BC9CEB8-8B4A-11D0-8D11-00A0C91BC942}") = "EP_mswasapi", "EP_mswasapi.vcxproj", "{922971B8-F209-34EC-A0C2-AF2F7C21783F}"
	ProjectSection(ProjectDependencies) = postProject
		{426BFC33-5F74-3030-97DD-0BA4C80D59A8} = {426BFC33-5F74-3030-97DD-0BA4C80D59A8}
		{CC5B2E3F-7D12-3351-AE15-32EF690EAC27} = {CC5B2E3F-7D12-3351-AE15-32EF690EAC27}
	EndProjectSection
EndProject
Project("{8BC9CEB8-8B4A-11D0-8D11-00A0C91BC942}") = "EP_mswebrtc", "EP_mswebrtc.vcxproj", "{A202B979-3950-3A02-968D-9D1A13DA35C2}"
	ProjectSection(ProjectDependencies) = postProject
		{426BFC33-5F74-3030-97DD-0BA4C80D59A8} = {426BFC33-5F74-3030-97DD-0BA4C80D59A8}
		{CC5B2E3F-7D12-3351-AE15-32EF690EAC27} = {CC5B2E3F-7D12-3351-AE15-32EF690EAC27}
	EndProjectSection
EndProject
Project("{8BC9CEB8-8B4A-11D0-8D11-00A0C91BC942}") = "EP_opus", "EP_opus.vcxproj", "{B5ADD093-3437-34DE-9B5E-8C9EECD0F285}"
	ProjectSection(ProjectDependencies) = postProject
		{CC5B2E3F-7D12-3351-AE15-32EF690EAC27} = {CC5B2E3F-7D12-3351-AE15-32EF690EAC27}
	EndProjectSection
EndProject
Project("{8BC9CEB8-8B4A-11D0-8D11-00A0C91BC942}") = "EP_ortp", "EP_ortp.vcxproj", "{0C025BBB-495D-3760-A168-206BE5509119}"
	ProjectSection(ProjectDependencies) = postProject
		{132177B2-3815-3686-A9F8-BF92CFEC1E5F} = {132177B2-3815-3686-A9F8-BF92CFEC1E5F}
		{CC5B2E3F-7D12-3351-AE15-32EF690EAC27} = {CC5B2E3F-7D12-3351-AE15-32EF690EAC27}
	EndProjectSection
EndProject
Project("{8BC9CEB8-8B4A-11D0-8D11-00A0C91BC942}") = "EP_soci", "EP_soci.vcxproj", "{2991868F-E160-3CA1-A8B3-F4B6C8D534DC}"
	ProjectSection(ProjectDependencies) = postProject
		{0DA07CEF-73A1-364E-A09C-C27F22A4BA86} = {0DA07CEF-73A1-364E-A09C-C27F22A4BA86}
		{CC5B2E3F-7D12-3351-AE15-32EF690EAC27} = {CC5B2E3F-7D12-3351-AE15-32EF690EAC27}
	EndProjectSection
EndProject
Project("{8BC9CEB8-8B4A-11D0-8D11-00A0C91BC942}") = "EP_speex", "EP_speex.vcxproj", "{475D916A-02C2-37BB-B884-872275F06B11}"
	ProjectSection(ProjectDependencies) = postProject
		{CC5B2E3F-7D12-3351-AE15-32EF690EAC27} = {CC5B2E3F-7D12-3351-AE15-32EF690EAC27}
	EndProjectSection
EndProject
Project("{8BC9CEB8-8B4A-11D0-8D11-00A0C91BC942}") = "EP_sqlite3", "EP_sqlite3.vcxproj", "{0DA07CEF-73A1-364E-A09C-C27F22A4BA86}"
	ProjectSection(ProjectDependencies) = postProject
		{CC5B2E3F-7D12-3351-AE15-32EF690EAC27} = {CC5B2E3F-7D12-3351-AE15-32EF690EAC27}
	EndProjectSection
EndProject
Project("{8BC9CEB8-8B4A-11D0-8D11-00A0C91BC942}") = "EP_srtp", "EP_srtp.vcxproj", "{C7A0D0CD-A58D-3DDF-8A2C-AE61C6018ECB}"
	ProjectSection(ProjectDependencies) = postProject
		{CC5B2E3F-7D12-3351-AE15-32EF690EAC27} = {CC5B2E3F-7D12-3351-AE15-32EF690EAC27}
	EndProjectSection
EndProject
Project("{8BC9CEB8-8B4A-11D0-8D11-00A0C91BC942}") = "EP_turbo-jpeg", "EP_turbo-jpeg.vcxproj", "{7D05A2D2-F5B6-3E5A-91DE-F9B3FCC6A9BA}"
	ProjectSection(ProjectDependencies) = postProject
		{CC5B2E3F-7D12-3351-AE15-32EF690EAC27} = {CC5B2E3F-7D12-3351-AE15-32EF690EAC27}
	EndProjectSection
EndProject
Project("{8BC9CEB8-8B4A-11D0-8D11-00A0C91BC942}") = "EP_vpx", "EP_vpx.vcxproj", "{251B5597-6091-3D78-A187-055F8164C449}"
	ProjectSection(ProjectDependencies) = postProject
		{CC5B2E3F-7D12-3351-AE15-32EF690EAC27} = {CC5B2E3F-7D12-3351-AE15-32EF690EAC27}
	EndProjectSection
EndProject
Project("{8BC9CEB8-8B4A-11D0-8D11-00A0C91BC942}") = "EP_xerces", "EP_xerces.vcxproj", "{B2EF3561-EDC2-3F4B-BAD2-6EBBF1005C5B}"
	ProjectSection(ProjectDependencies) = postProject
		{CC5B2E3F-7D12-3351-AE15-32EF690EAC27} = {CC5B2E3F-7D12-3351-AE15-32EF690EAC27}
	EndProjectSection
EndProject
Project("{8BC9CEB8-8B4A-11D0-8D11-00A0C91BC942}") = "EP_xml2", "EP_xml2.vcxproj", "{8CF8F5BA-93F2-33F5-8056-F6E77EA7CE38}"
	ProjectSection(ProjectDependencies) = postProject
		{CC5B2E3F-7D12-3351-AE15-32EF690EAC27} = {CC5B2E3F-7D12-3351-AE15-32EF690EAC27}
	EndProjectSection
EndProject
Project("{8BC9CEB8-8B4A-11D0-8D11-00A0C91BC942}") = "EP_zlib", "EP_zlib.vcxproj", "{AE479B4E-044D-3B3A-A085-877864B229E4}"
	ProjectSection(ProjectDependencies) = postProject
		{CC5B2E3F-7D12-3351-AE15-32EF690EAC27} = {CC5B2E3F-7D12-3351-AE15-32EF690EAC27}
	EndProjectSection
EndProject
Project("{8BC9CEB8-8B4A-11D0-8D11-00A0C91BC942}") = "TARGET_linphone_builder", "TARGET_linphone_builder.vcxproj", "{6D8D5E5E-8C8D-32E9-9D4D-37C42CF36FBE}"
	ProjectSection(ProjectDependencies) = postProject
		{40B83701-FC58-32CA-85C9-173DDAF752E0} = {40B83701-FC58-32CA-85C9-173DDAF752E0}
		{CC5B2E3F-7D12-3351-AE15-32EF690EAC27} = {CC5B2E3F-7D12-3351-AE15-32EF690EAC27}
	EndProjectSection
EndProject
Project("{8BC9CEB8-8B4A-11D0-8D11-00A0C91BC942}") = "TARGET_linphone_package", "TARGET_linphone_package.vcxproj", "{A8ADBCC2-B75C-352A-BA33-E94FCBA65509}"
	ProjectSection(ProjectDependencies) = postProject
		{6D8D5E5E-8C8D-32E9-9D4D-37C42CF36FBE} = {6D8D5E5E-8C8D-32E9-9D4D-37C42CF36FBE}
		{CC5B2E3F-7D12-3351-AE15-32EF690EAC27} = {CC5B2E3F-7D12-3351-AE15-32EF690EAC27}
	EndProjectSection
EndProject
Project("{8BC9CEB8-8B4A-11D0-8D11-00A0C91BC942}") = "TARGET_linphoneqt", "TARGET_linphoneqt.vcxproj", "{40B83701-FC58-32CA-85C9-173DDAF752E0}"
	ProjectSection(ProjectDependencies) = postProject
		{132177B2-3815-3686-A9F8-BF92CFEC1E5F} = {132177B2-3815-3686-A9F8-BF92CFEC1E5F}
		{F0E84332-C1E1-3AA9-8CBD-DD7989890764} = {F0E84332-C1E1-3AA9-8CBD-DD7989890764}
		{822BAA31-62BC-3714-989E-38A9EE38C882} = {822BAA31-62BC-3714-989E-38A9EE38C882}
		{94EB69B6-C2A6-388F-BB55-CE73CC6FE66B} = {94EB69B6-C2A6-388F-BB55-CE73CC6FE66B}
		{C3FD68E5-19A2-3923-9BAC-EDD765D4FAD2} = {C3FD68E5-19A2-3923-9BAC-EDD765D4FAD2}
		{9236326D-F26B-3516-823F-97BFA7F338BB} = {9236326D-F26B-3516-823F-97BFA7F338BB}
		{90AEB50E-53E0-3AF6-9E72-EB8AF6F369F7} = {90AEB50E-53E0-3AF6-9E72-EB8AF6F369F7}
		{793EF6E6-99DD-3D92-A24C-33FFFD9D674F} = {793EF6E6-99DD-3D92-A24C-33FFFD9D674F}
		{74234438-9C80-31D0-B012-9590CD98BFE2} = {74234438-9C80-31D0-B012-9590CD98BFE2}
		{F8FC307D-6E3B-31C2-B575-23BD4B86D497} = {F8FC307D-6E3B-31C2-B575-23BD4B86D497}
		{5E59C23C-B8CC-3E94-9CBD-21D812C28DE9} = {5E59C23C-B8CC-3E94-9CBD-21D812C28DE9}
		{B889AE50-9B98-3182-8F20-E7196DAC889C} = {B889AE50-9B98-3182-8F20-E7196DAC889C}
		{662D7831-4E31-31DA-9D4E-162FBA04CA66} = {662D7831-4E31-31DA-9D4E-162FBA04CA66}
		{8ADBDA67-AFAA-3650-9CA0-4201A2F68684} = {8ADBDA67-AFAA-3650-9CA0-4201A2F68684}
		{8D785D4B-443D-3B40-9050-3CD5DB586521} = {8D785D4B-443D-3B40-9050-3CD5DB586521}
		{426BFC33-5F74-3030-97DD-0BA4C80D59A8} = {426BFC33-5F74-3030-97DD-0BA4C80D59A8}
		{B3A2D95F-D26A-3DFE-B57F-925EDC8A3C53} = {B3A2D95F-D26A-3DFE-B57F-925EDC8A3C53}
		{922971B8-F209-34EC-A0C2-AF2F7C21783F} = {922971B8-F209-34EC-A0C2-AF2F7C21783F}
		{A202B979-3950-3A02-968D-9D1A13DA35C2} = {A202B979-3950-3A02-968D-9D1A13DA35C2}
		{B5ADD093-3437-34DE-9B5E-8C9EECD0F285} = {B5ADD093-3437-34DE-9B5E-8C9EECD0F285}
		{0C025BBB-495D-3760-A168-206BE5509119} = {0C025BBB-495D-3760-A168-206BE5509119}
		{2991868F-E160-3CA1-A8B3-F4B6C8D534DC} = {2991868F-E160-3CA1-A8B3-F4B6C8D534DC}
		{475D916A-02C2-37BB-B884-872275F06B11} = {475D916A-02C2-37BB-B884-872275F06B11}
		{0DA07CEF-73A1-364E-A09C-C27F22A4BA86} = {0DA07CEF-73A1-364E-A09C-C27F22A4BA86}
		{C7A0D0CD-A58D-3DDF-8A2C-AE61C6018ECB} = {C7A0D0CD-A58D-3DDF-8A2C-AE61C6018ECB}
		{7D05A2D2-F5B6-3E5A-91DE-F9B3FCC6A9BA} = {7D05A2D2-F5B6-3E5A-91DE-F9B3FCC6A9BA}
		{251B5597-6091-3D78-A187-055F8164C449} = {251B5597-6091-3D78-A187-055F8164C449}
		{B2EF3561-EDC2-3F4B-BAD2-6EBBF1005C5B} = {B2EF3561-EDC2-3F4B-BAD2-6EBBF1005C5B}
		{8CF8F5BA-93F2-33F5-8056-F6E77EA7CE38} = {8CF8F5BA-93F2-33F5-8056-F6E77EA7CE38}
		{AE479B4E-044D-3B3A-A085-877864B229E4} = {AE479B4E-044D-3B3A-A085-877864B229E4}
		{CC5B2E3F-7D12-3351-AE15-32EF690EAC27} = {CC5B2E3F-7D12-3351-AE15-32EF690EAC27}
	EndProjectSection
EndProject
Project("{8BC9CEB8-8B4A-11D0-8D11-00A0C91BC942}") = "ZERO_CHECK", "ZERO_CHECK.vcxproj", "{CC5B2E3F-7D12-3351-AE15-32EF690EAC27}"
	ProjectSection(ProjectDependencies) = postProject
	EndProjectSection
EndProject
Project("{8BC9CEB8-8B4A-11D0-8D11-00A0C91BC942}") = "linphoneqt_winshortcut", "linphoneqt_winshortcut.vcxproj", "{60A73F4A-D722-3B1C-BB3A-E481BA6C559E}"
	ProjectSection(ProjectDependencies) = postProject
		{6D8D5E5E-8C8D-32E9-9D4D-37C42CF36FBE} = {6D8D5E5E-8C8D-32E9-9D4D-37C42CF36FBE}
		{CC5B2E3F-7D12-3351-AE15-32EF690EAC27} = {CC5B2E3F-7D12-3351-AE15-32EF690EAC27}
	EndProjectSection
EndProject
Global
	GlobalSection(SolutionConfigurationPlatforms) = preSolution
		Debug|Win32 = Debug|Win32
		Release|Win32 = Release|Win32
		MinSizeRel|Win32 = MinSizeRel|Win32
		RelWithDebInfo|Win32 = RelWithDebInfo|Win32
	EndGlobalSection
	GlobalSection(ProjectConfigurationPlatforms) = postSolution
		{B5F452CC-DAB1-3358-A79C-50B019F71058}.Debug|Win32.ActiveCfg = Debug|Win32
		{B5F452CC-DAB1-3358-A79C-50B019F71058}.Release|Win32.ActiveCfg = Release|Win32
		{B5F452CC-DAB1-3358-A79C-50B019F71058}.MinSizeRel|Win32.ActiveCfg = MinSizeRel|Win32
		{B5F452CC-DAB1-3358-A79C-50B019F71058}.RelWithDebInfo|Win32.ActiveCfg = RelWithDebInfo|Win32
		{132177B2-3815-3686-A9F8-BF92CFEC1E5F}.Debug|Win32.ActiveCfg = Debug|Win32
		{132177B2-3815-3686-A9F8-BF92CFEC1E5F}.Debug|Win32.Build.0 = Debug|Win32
		{132177B2-3815-3686-A9F8-BF92CFEC1E5F}.Release|Win32.ActiveCfg = Release|Win32
		{132177B2-3815-3686-A9F8-BF92CFEC1E5F}.Release|Win32.Build.0 = Release|Win32
		{132177B2-3815-3686-A9F8-BF92CFEC1E5F}.MinSizeRel|Win32.ActiveCfg = MinSizeRel|Win32
		{132177B2-3815-3686-A9F8-BF92CFEC1E5F}.MinSizeRel|Win32.Build.0 = MinSizeRel|Win32
		{132177B2-3815-3686-A9F8-BF92CFEC1E5F}.RelWithDebInfo|Win32.ActiveCfg = RelWithDebInfo|Win32
		{132177B2-3815-3686-A9F8-BF92CFEC1E5F}.RelWithDebInfo|Win32.Build.0 = RelWithDebInfo|Win32
		{F0E84332-C1E1-3AA9-8CBD-DD7989890764}.Debug|Win32.ActiveCfg = Debug|Win32
		{F0E84332-C1E1-3AA9-8CBD-DD7989890764}.Debug|Win32.Build.0 = Debug|Win32
		{F0E84332-C1E1-3AA9-8CBD-DD7989890764}.Release|Win32.ActiveCfg = Release|Win32
		{F0E84332-C1E1-3AA9-8CBD-DD7989890764}.Release|Win32.Build.0 = Release|Win32
		{F0E84332-C1E1-3AA9-8CBD-DD7989890764}.MinSizeRel|Win32.ActiveCfg = MinSizeRel|Win32
		{F0E84332-C1E1-3AA9-8CBD-DD7989890764}.MinSizeRel|Win32.Build.0 = MinSizeRel|Win32
		{F0E84332-C1E1-3AA9-8CBD-DD7989890764}.RelWithDebInfo|Win32.ActiveCfg = RelWithDebInfo|Win32
		{F0E84332-C1E1-3AA9-8CBD-DD7989890764}.RelWithDebInfo|Win32.Build.0 = RelWithDebInfo|Win32
		{822BAA31-62BC-3714-989E-38A9EE38C882}.Debug|Win32.ActiveCfg = Debug|Win32
		{822BAA31-62BC-3714-989E-38A9EE38C882}.Debug|Win32.Build.0 = Debug|Win32
		{822BAA31-62BC-3714-989E-38A9EE38C882}.Release|Win32.ActiveCfg = Release|Win32
		{822BAA31-62BC-3714-989E-38A9EE38C882}.Release|Win32.Build.0 = Release|Win32
		{822BAA31-62BC-3714-989E-38A9EE38C882}.MinSizeRel|Win32.ActiveCfg = MinSizeRel|Win32
		{822BAA31-62BC-3714-989E-38A9EE38C882}.MinSizeRel|Win32.Build.0 = MinSizeRel|Win32
		{822BAA31-62BC-3714-989E-38A9EE38C882}.RelWithDebInfo|Win32.ActiveCfg = RelWithDebInfo|Win32
		{822BAA31-62BC-3714-989E-38A9EE38C882}.RelWithDebInfo|Win32.Build.0 = RelWithDebInfo|Win32
		{94EB69B6-C2A6-388F-BB55-CE73CC6FE66B}.Debug|Win32.ActiveCfg = Debug|Win32
		{94EB69B6-C2A6-388F-BB55-CE73CC6FE66B}.Debug|Win32.Build.0 = Debug|Win32
		{94EB69B6-C2A6-388F-BB55-CE73CC6FE66B}.Release|Win32.ActiveCfg = Release|Win32
		{94EB69B6-C2A6-388F-BB55-CE73CC6FE66B}.Release|Win32.Build.0 = Release|Win32
		{94EB69B6-C2A6-388F-BB55-CE73CC6FE66B}.MinSizeRel|Win32.ActiveCfg = MinSizeRel|Win32
		{94EB69B6-C2A6-388F-BB55-CE73CC6FE66B}.MinSizeRel|Win32.Build.0 = MinSizeRel|Win32
		{94EB69B6-C2A6-388F-BB55-CE73CC6FE66B}.RelWithDebInfo|Win32.ActiveCfg = RelWithDebInfo|Win32
		{94EB69B6-C2A6-388F-BB55-CE73CC6FE66B}.RelWithDebInfo|Win32.Build.0 = RelWithDebInfo|Win32
		{C3FD68E5-19A2-3923-9BAC-EDD765D4FAD2}.Debug|Win32.ActiveCfg = Debug|Win32
		{C3FD68E5-19A2-3923-9BAC-EDD765D4FAD2}.Debug|Win32.Build.0 = Debug|Win32
		{C3FD68E5-19A2-3923-9BAC-EDD765D4FAD2}.Release|Win32.ActiveCfg = Release|Win32
		{C3FD68E5-19A2-3923-9BAC-EDD765D4FAD2}.Release|Win32.Build.0 = Release|Win32
		{C3FD68E5-19A2-3923-9BAC-EDD765D4FAD2}.MinSizeRel|Win32.ActiveCfg = MinSizeRel|Win32
		{C3FD68E5-19A2-3923-9BAC-EDD765D4FAD2}.MinSizeRel|Win32.Build.0 = MinSizeRel|Win32
		{C3FD68E5-19A2-3923-9BAC-EDD765D4FAD2}.RelWithDebInfo|Win32.ActiveCfg = RelWithDebInfo|Win32
		{C3FD68E5-19A2-3923-9BAC-EDD765D4FAD2}.RelWithDebInfo|Win32.Build.0 = RelWithDebInfo|Win32
		{9236326D-F26B-3516-823F-97BFA7F338BB}.Debug|Win32.ActiveCfg = Debug|Win32
		{9236326D-F26B-3516-823F-97BFA7F338BB}.Debug|Win32.Build.0 = Debug|Win32
		{9236326D-F26B-3516-823F-97BFA7F338BB}.Release|Win32.ActiveCfg = Release|Win32
		{9236326D-F26B-3516-823F-97BFA7F338BB}.Release|Win32.Build.0 = Release|Win32
		{9236326D-F26B-3516-823F-97BFA7F338BB}.MinSizeRel|Win32.ActiveCfg = MinSizeRel|Win32
		{9236326D-F26B-3516-823F-97BFA7F338BB}.MinSizeRel|Win32.Build.0 = MinSizeRel|Win32
		{9236326D-F26B-3516-823F-97BFA7F338BB}.RelWithDebInfo|Win32.ActiveCfg = RelWithDebInfo|Win32
		{9236326D-F26B-3516-823F-97BFA7F338BB}.RelWithDebInfo|Win32.Build.0 = RelWithDebInfo|Win32
		{90AEB50E-53E0-3AF6-9E72-EB8AF6F369F7}.Debug|Win32.ActiveCfg = Debug|Win32
		{90AEB50E-53E0-3AF6-9E72-EB8AF6F369F7}.Debug|Win32.Build.0 = Debug|Win32
		{90AEB50E-53E0-3AF6-9E72-EB8AF6F369F7}.Release|Win32.ActiveCfg = Release|Win32
		{90AEB50E-53E0-3AF6-9E72-EB8AF6F369F7}.Release|Win32.Build.0 = Release|Win32
		{90AEB50E-53E0-3AF6-9E72-EB8AF6F369F7}.MinSizeRel|Win32.ActiveCfg = MinSizeRel|Win32
		{90AEB50E-53E0-3AF6-9E72-EB8AF6F369F7}.MinSizeRel|Win32.Build.0 = MinSizeRel|Win32
		{90AEB50E-53E0-3AF6-9E72-EB8AF6F369F7}.RelWithDebInfo|Win32.ActiveCfg = RelWithDebInfo|Win32
		{90AEB50E-53E0-3AF6-9E72-EB8AF6F369F7}.RelWithDebInfo|Win32.Build.0 = RelWithDebInfo|Win32
		{793EF6E6-99DD-3D92-A24C-33FFFD9D674F}.Debug|Win32.ActiveCfg = Debug|Win32
		{793EF6E6-99DD-3D92-A24C-33FFFD9D674F}.Debug|Win32.Build.0 = Debug|Win32
		{793EF6E6-99DD-3D92-A24C-33FFFD9D674F}.Release|Win32.ActiveCfg = Release|Win32
		{793EF6E6-99DD-3D92-A24C-33FFFD9D674F}.Release|Win32.Build.0 = Release|Win32
		{793EF6E6-99DD-3D92-A24C-33FFFD9D674F}.MinSizeRel|Win32.ActiveCfg = MinSizeRel|Win32
		{793EF6E6-99DD-3D92-A24C-33FFFD9D674F}.MinSizeRel|Win32.Build.0 = MinSizeRel|Win32
		{793EF6E6-99DD-3D92-A24C-33FFFD9D674F}.RelWithDebInfo|Win32.ActiveCfg = RelWithDebInfo|Win32
		{793EF6E6-99DD-3D92-A24C-33FFFD9D674F}.RelWithDebInfo|Win32.Build.0 = RelWithDebInfo|Win32
		{74234438-9C80-31D0-B012-9590CD98BFE2}.Debug|Win32.ActiveCfg = Debug|Win32
		{74234438-9C80-31D0-B012-9590CD98BFE2}.Debug|Win32.Build.0 = Debug|Win32
		{74234438-9C80-31D0-B012-9590CD98BFE2}.Release|Win32.ActiveCfg = Release|Win32
		{74234438-9C80-31D0-B012-9590CD98BFE2}.Release|Win32.Build.0 = Release|Win32
		{74234438-9C80-31D0-B012-9590CD98BFE2}.MinSizeRel|Win32.ActiveCfg = MinSizeRel|Win32
		{74234438-9C80-31D0-B012-9590CD98BFE2}.MinSizeRel|Win32.Build.0 = MinSizeRel|Win32
		{74234438-9C80-31D0-B012-9590CD98BFE2}.RelWithDebInfo|Win32.ActiveCfg = RelWithDebInfo|Win32
		{74234438-9C80-31D0-B012-9590CD98BFE2}.RelWithDebInfo|Win32.Build.0 = RelWithDebInfo|Win32
		{F8FC307D-6E3B-31C2-B575-23BD4B86D497}.Debug|Win32.ActiveCfg = Debug|Win32
		{F8FC307D-6E3B-31C2-B575-23BD4B86D497}.Debug|Win32.Build.0 = Debug|Win32
		{F8FC307D-6E3B-31C2-B575-23BD4B86D497}.Release|Win32.ActiveCfg = Release|Win32
		{F8FC307D-6E3B-31C2-B575-23BD4B86D497}.Release|Win32.Build.0 = Release|Win32
		{F8FC307D-6E3B-31C2-B575-23BD4B86D497}.MinSizeRel|Win32.ActiveCfg = MinSizeRel|Win32
		{F8FC307D-6E3B-31C2-B575-23BD4B86D497}.MinSizeRel|Win32.Build.0 = MinSizeRel|Win32
		{F8FC307D-6E3B-31C2-B575-23BD4B86D497}.RelWithDebInfo|Win32.ActiveCfg = RelWithDebInfo|Win32
		{F8FC307D-6E3B-31C2-B575-23BD4B86D497}.RelWithDebInfo|Win32.Build.0 = RelWithDebInfo|Win32
		{5E59C23C-B8CC-3E94-9CBD-21D812C28DE9}.Debug|Win32.ActiveCfg = Debug|Win32
		{5E59C23C-B8CC-3E94-9CBD-21D812C28DE9}.Debug|Win32.Build.0 = Debug|Win32
		{5E59C23C-B8CC-3E94-9CBD-21D812C28DE9}.Release|Win32.ActiveCfg = Release|Win32
		{5E59C23C-B8CC-3E94-9CBD-21D812C28DE9}.Release|Win32.Build.0 = Release|Win32
		{5E59C23C-B8CC-3E94-9CBD-21D812C28DE9}.MinSizeRel|Win32.ActiveCfg = MinSizeRel|Win32
		{5E59C23C-B8CC-3E94-9CBD-21D812C28DE9}.MinSizeRel|Win32.Build.0 = MinSizeRel|Win32
		{5E59C23C-B8CC-3E94-9CBD-21D812C28DE9}.RelWithDebInfo|Win32.ActiveCfg = RelWithDebInfo|Win32
		{5E59C23C-B8CC-3E94-9CBD-21D812C28DE9}.RelWithDebInfo|Win32.Build.0 = RelWithDebInfo|Win32
		{B889AE50-9B98-3182-8F20-E7196DAC889C}.Debug|Win32.ActiveCfg = Debug|Win32
		{B889AE50-9B98-3182-8F20-E7196DAC889C}.Debug|Win32.Build.0 = Debug|Win32
		{B889AE50-9B98-3182-8F20-E7196DAC889C}.Release|Win32.ActiveCfg = Release|Win32
		{B889AE50-9B98-3182-8F20-E7196DAC889C}.Release|Win32.Build.0 = Release|Win32
		{B889AE50-9B98-3182-8F20-E7196DAC889C}.MinSizeRel|Win32.ActiveCfg = MinSizeRel|Win32
		{B889AE50-9B98-3182-8F20-E7196DAC889C}.MinSizeRel|Win32.Build.0 = MinSizeRel|Win32
		{B889AE50-9B98-3182-8F20-E7196DAC889C}.RelWithDebInfo|Win32.ActiveCfg = RelWithDebInfo|Win32
		{B889AE50-9B98-3182-8F20-E7196DAC889C}.RelWithDebInfo|Win32.Build.0 = RelWithDebInfo|Win32
		{662D7831-4E31-31DA-9D4E-162FBA04CA66}.Debug|Win32.ActiveCfg = Debug|Win32
		{662D7831-4E31-31DA-9D4E-162FBA04CA66}.Debug|Win32.Build.0 = Debug|Win32
		{662D7831-4E31-31DA-9D4E-162FBA04CA66}.Release|Win32.ActiveCfg = Release|Win32
		{662D7831-4E31-31DA-9D4E-162FBA04CA66}.Release|Win32.Build.0 = Release|Win32
		{662D7831-4E31-31DA-9D4E-162FBA04CA66}.MinSizeRel|Win32.ActiveCfg = MinSizeRel|Win32
		{662D7831-4E31-31DA-9D4E-162FBA04CA66}.MinSizeRel|Win32.Build.0 = MinSizeRel|Win32
		{662D7831-4E31-31DA-9D4E-162FBA04CA66}.RelWithDebInfo|Win32.ActiveCfg = RelWithDebInfo|Win32
		{662D7831-4E31-31DA-9D4E-162FBA04CA66}.RelWithDebInfo|Win32.Build.0 = RelWithDebInfo|Win32
		{8ADBDA67-AFAA-3650-9CA0-4201A2F68684}.Debug|Win32.ActiveCfg = Debug|Win32
		{8ADBDA67-AFAA-3650-9CA0-4201A2F68684}.Debug|Win32.Build.0 = Debug|Win32
		{8ADBDA67-AFAA-3650-9CA0-4201A2F68684}.Release|Win32.ActiveCfg = Release|Win32
		{8ADBDA67-AFAA-3650-9CA0-4201A2F68684}.Release|Win32.Build.0 = Release|Win32
		{8ADBDA67-AFAA-3650-9CA0-4201A2F68684}.MinSizeRel|Win32.ActiveCfg = MinSizeRel|Win32
		{8ADBDA67-AFAA-3650-9CA0-4201A2F68684}.MinSizeRel|Win32.Build.0 = MinSizeRel|Win32
		{8ADBDA67-AFAA-3650-9CA0-4201A2F68684}.RelWithDebInfo|Win32.ActiveCfg = RelWithDebInfo|Win32
		{8ADBDA67-AFAA-3650-9CA0-4201A2F68684}.RelWithDebInfo|Win32.Build.0 = RelWithDebInfo|Win32
		{8D785D4B-443D-3B40-9050-3CD5DB586521}.Debug|Win32.ActiveCfg = Debug|Win32
		{8D785D4B-443D-3B40-9050-3CD5DB586521}.Debug|Win32.Build.0 = Debug|Win32
		{8D785D4B-443D-3B40-9050-3CD5DB586521}.Release|Win32.ActiveCfg = Release|Win32
		{8D785D4B-443D-3B40-9050-3CD5DB586521}.Release|Win32.Build.0 = Release|Win32
		{8D785D4B-443D-3B40-9050-3CD5DB586521}.MinSizeRel|Win32.ActiveCfg = MinSizeRel|Win32
		{8D785D4B-443D-3B40-9050-3CD5DB586521}.MinSizeRel|Win32.Build.0 = MinSizeRel|Win32
		{8D785D4B-443D-3B40-9050-3CD5DB586521}.RelWithDebInfo|Win32.ActiveCfg = RelWithDebInfo|Win32
		{8D785D4B-443D-3B40-9050-3CD5DB586521}.RelWithDebInfo|Win32.Build.0 = RelWithDebInfo|Win32
		{426BFC33-5F74-3030-97DD-0BA4C80D59A8}.Debug|Win32.ActiveCfg = Debug|Win32
		{426BFC33-5F74-3030-97DD-0BA4C80D59A8}.Debug|Win32.Build.0 = Debug|Win32
		{426BFC33-5F74-3030-97DD-0BA4C80D59A8}.Release|Win32.ActiveCfg = Release|Win32
		{426BFC33-5F74-3030-97DD-0BA4C80D59A8}.Release|Win32.Build.0 = Release|Win32
		{426BFC33-5F74-3030-97DD-0BA4C80D59A8}.MinSizeRel|Win32.ActiveCfg = MinSizeRel|Win32
		{426BFC33-5F74-3030-97DD-0BA4C80D59A8}.MinSizeRel|Win32.Build.0 = MinSizeRel|Win32
		{426BFC33-5F74-3030-97DD-0BA4C80D59A8}.RelWithDebInfo|Win32.ActiveCfg = RelWithDebInfo|Win32
		{426BFC33-5F74-3030-97DD-0BA4C80D59A8}.RelWithDebInfo|Win32.Build.0 = RelWithDebInfo|Win32
		{B3A2D95F-D26A-3DFE-B57F-925EDC8A3C53}.Debug|Win32.ActiveCfg = Debug|Win32
		{B3A2D95F-D26A-3DFE-B57F-925EDC8A3C53}.Debug|Win32.Build.0 = Debug|Win32
		{B3A2D95F-D26A-3DFE-B57F-925EDC8A3C53}.Release|Win32.ActiveCfg = Release|Win32
		{B3A2D95F-D26A-3DFE-B57F-925EDC8A3C53}.Release|Win32.Build.0 = Release|Win32
		{B3A2D95F-D26A-3DFE-B57F-925EDC8A3C53}.MinSizeRel|Win32.ActiveCfg = MinSizeRel|Win32
		{B3A2D95F-D26A-3DFE-B57F-925EDC8A3C53}.MinSizeRel|Win32.Build.0 = MinSizeRel|Win32
		{B3A2D95F-D26A-3DFE-B57F-925EDC8A3C53}.RelWithDebInfo|Win32.ActiveCfg = RelWithDebInfo|Win32
		{B3A2D95F-D26A-3DFE-B57F-925EDC8A3C53}.RelWithDebInfo|Win32.Build.0 = RelWithDebInfo|Win32
		{922971B8-F209-34EC-A0C2-AF2F7C21783F}.Debug|Win32.ActiveCfg = Debug|Win32
		{922971B8-F209-34EC-A0C2-AF2F7C21783F}.Debug|Win32.Build.0 = Debug|Win32
		{922971B8-F209-34EC-A0C2-AF2F7C21783F}.Release|Win32.ActiveCfg = Release|Win32
		{922971B8-F209-34EC-A0C2-AF2F7C21783F}.Release|Win32.Build.0 = Release|Win32
		{922971B8-F209-34EC-A0C2-AF2F7C21783F}.MinSizeRel|Win32.ActiveCfg = MinSizeRel|Win32
		{922971B8-F209-34EC-A0C2-AF2F7C21783F}.MinSizeRel|Win32.Build.0 = MinSizeRel|Win32
		{922971B8-F209-34EC-A0C2-AF2F7C21783F}.RelWithDebInfo|Win32.ActiveCfg = RelWithDebInfo|Win32
		{922971B8-F209-34EC-A0C2-AF2F7C21783F}.RelWithDebInfo|Win32.Build.0 = RelWithDebInfo|Win32
		{A202B979-3950-3A02-968D-9D1A13DA35C2}.Debug|Win32.ActiveCfg = Debug|Win32
		{A202B979-3950-3A02-968D-9D1A13DA35C2}.Debug|Win32.Build.0 = Debug|Win32
		{A202B979-3950-3A02-968D-9D1A13DA35C2}.Release|Win32.ActiveCfg = Release|Win32
		{A202B979-3950-3A02-968D-9D1A13DA35C2}.Release|Win32.Build.0 = Release|Win32
		{A202B979-3950-3A02-968D-9D1A13DA35C2}.MinSizeRel|Win32.ActiveCfg = MinSizeRel|Win32
		{A202B979-3950-3A02-968D-9D1A13DA35C2}.MinSizeRel|Win32.Build.0 = MinSizeRel|Win32
		{A202B979-3950-3A02-968D-9D1A13DA35C2}.RelWithDebInfo|Win32.ActiveCfg = RelWithDebInfo|Win32
		{A202B979-3950-3A02-968D-9D1A13DA35C2}.RelWithDebInfo|Win32.Build.0 = RelWithDebInfo|Win32
		{B5ADD093-3437-34DE-9B5E-8C9EECD0F285}.Debug|Win32.ActiveCfg = Debug|Win32
		{B5ADD093-3437-34DE-9B5E-8C9EECD0F285}.Debug|Win32.Build.0 = Debug|Win32
		{B5ADD093-3437-34DE-9B5E-8C9EECD0F285}.Release|Win32.ActiveCfg = Release|Win32
		{B5ADD093-3437-34DE-9B5E-8C9EECD0F285}.Release|Win32.Build.0 = Release|Win32
		{B5ADD093-3437-34DE-9B5E-8C9EECD0F285}.MinSizeRel|Win32.ActiveCfg = MinSizeRel|Win32
		{B5ADD093-3437-34DE-9B5E-8C9EECD0F285}.MinSizeRel|Win32.Build.0 = MinSizeRel|Win32
		{B5ADD093-3437-34DE-9B5E-8C9EECD0F285}.RelWithDebInfo|Win32.ActiveCfg = RelWithDebInfo|Win32
		{B5ADD093-3437-34DE-9B5E-8C9EECD0F285}.RelWithDebInfo|Win32.Build.0 = RelWithDebInfo|Win32
		{0C025BBB-495D-3760-A168-206BE5509119}.Debug|Win32.ActiveCfg = Debug|Win32
		{0C025BBB-495D-3760-A168-206BE5509119}.Debug|Win32.Build.0 = Debug|Win32
		{0C025BBB-495D-3760-A168-206BE5509119}.Release|Win32.ActiveCfg = Release|Win32
		{0C025BBB-495D-3760-A168-206BE5509119}.Release|Win32.Build.0 = Release|Win32
		{0C025BBB-495D-3760-A168-206BE5509119}.MinSizeRel|Win32.ActiveCfg = MinSizeRel|Win32
		{0C025BBB-495D-3760-A168-206BE5509119}.MinSizeRel|Win32.Build.0 = MinSizeRel|Win32
		{0C025BBB-495D-3760-A168-206BE5509119}.RelWithDebInfo|Win32.ActiveCfg = RelWithDebInfo|Win32
		{0C025BBB-495D-3760-A168-206BE5509119}.RelWithDebInfo|Win32.Build.0 = RelWithDebInfo|Win32
		{2991868F-E160-3CA1-A8B3-F4B6C8D534DC}.Debug|Win32.ActiveCfg = Debug|Win32
		{2991868F-E160-3CA1-A8B3-F4B6C8D534DC}.Debug|Win32.Build.0 = Debug|Win32
		{2991868F-E160-3CA1-A8B3-F4B6C8D534DC}.Release|Win32.ActiveCfg = Release|Win32
		{2991868F-E160-3CA1-A8B3-F4B6C8D534DC}.Release|Win32.Build.0 = Release|Win32
		{2991868F-E160-3CA1-A8B3-F4B6C8D534DC}.MinSizeRel|Win32.ActiveCfg = MinSizeRel|Win32
		{2991868F-E160-3CA1-A8B3-F4B6C8D534DC}.MinSizeRel|Win32.Build.0 = MinSizeRel|Win32
		{2991868F-E160-3CA1-A8B3-F4B6C8D534DC}.RelWithDebInfo|Win32.ActiveCfg = RelWithDebInfo|Win32
		{2991868F-E160-3CA1-A8B3-F4B6C8D534DC}.RelWithDebInfo|Win32.Build.0 = RelWithDebInfo|Win32
		{475D916A-02C2-37BB-B884-872275F06B11}.Debug|Win32.ActiveCfg = Debug|Win32
		{475D916A-02C2-37BB-B884-872275F06B11}.Debug|Win32.Build.0 = Debug|Win32
		{475D916A-02C2-37BB-B884-872275F06B11}.Release|Win32.ActiveCfg = Release|Win32
		{475D916A-02C2-37BB-B884-872275F06B11}.Release|Win32.Build.0 = Release|Win32
		{475D916A-02C2-37BB-B884-872275F06B11}.MinSizeRel|Win32.ActiveCfg = MinSizeRel|Win32
		{475D916A-02C2-37BB-B884-872275F06B11}.MinSizeRel|Win32.Build.0 = MinSizeRel|Win32
		{475D916A-02C2-37BB-B884-872275F06B11}.RelWithDebInfo|Win32.ActiveCfg = RelWithDebInfo|Win32
		{475D916A-02C2-37BB-B884-872275F06B11}.RelWithDebInfo|Win32.Build.0 = RelWithDebInfo|Win32
		{0DA07CEF-73A1-364E-A09C-C27F22A4BA86}.Debug|Win32.ActiveCfg = Debug|Win32
		{0DA07CEF-73A1-364E-A09C-C27F22A4BA86}.Debug|Win32.Build.0 = Debug|Win32
		{0DA07CEF-73A1-364E-A09C-C27F22A4BA86}.Release|Win32.ActiveCfg = Release|Win32
		{0DA07CEF-73A1-364E-A09C-C27F22A4BA86}.Release|Win32.Build.0 = Release|Win32
		{0DA07CEF-73A1-364E-A09C-C27F22A4BA86}.MinSizeRel|Win32.ActiveCfg = MinSizeRel|Win32
		{0DA07CEF-73A1-364E-A09C-C27F22A4BA86}.MinSizeRel|Win32.Build.0 = MinSizeRel|Win32
		{0DA07CEF-73A1-364E-A09C-C27F22A4BA86}.RelWithDebInfo|Win32.ActiveCfg = RelWithDebInfo|Win32
		{0DA07CEF-73A1-364E-A09C-C27F22A4BA86}.RelWithDebInfo|Win32.Build.0 = RelWithDebInfo|Win32
		{C7A0D0CD-A58D-3DDF-8A2C-AE61C6018ECB}.Debug|Win32.ActiveCfg = Debug|Win32
		{C7A0D0CD-A58D-3DDF-8A2C-AE61C6018ECB}.Debug|Win32.Build.0 = Debug|Win32
		{C7A0D0CD-A58D-3DDF-8A2C-AE61C6018ECB}.Release|Win32.ActiveCfg = Release|Win32
		{C7A0D0CD-A58D-3DDF-8A2C-AE61C6018ECB}.Release|Win32.Build.0 = Release|Win32
		{C7A0D0CD-A58D-3DDF-8A2C-AE61C6018ECB}.MinSizeRel|Win32.ActiveCfg = MinSizeRel|Win32
		{C7A0D0CD-A58D-3DDF-8A2C-AE61C6018ECB}.MinSizeRel|Win32.Build.0 = MinSizeRel|Win32
		{C7A0D0CD-A58D-3DDF-8A2C-AE61C6018ECB}.RelWithDebInfo|Win32.ActiveCfg = RelWithDebInfo|Win32
		{C7A0D0CD-A58D-3DDF-8A2C-AE61C6018ECB}.RelWithDebInfo|Win32.Build.0 = RelWithDebInfo|Win32
		{7D05A2D2-F5B6-3E5A-91DE-F9B3FCC6A9BA}.Debug|Win32.ActiveCfg = Debug|Win32
		{7D05A2D2-F5B6-3E5A-91DE-F9B3FCC6A9BA}.Debug|Win32.Build.0 = Debug|Win32
		{7D05A2D2-F5B6-3E5A-91DE-F9B3FCC6A9BA}.Release|Win32.ActiveCfg = Release|Win32
		{7D05A2D2-F5B6-3E5A-91DE-F9B3FCC6A9BA}.Release|Win32.Build.0 = Release|Win32
		{7D05A2D2-F5B6-3E5A-91DE-F9B3FCC6A9BA}.MinSizeRel|Win32.ActiveCfg = MinSizeRel|Win32
		{7D05A2D2-F5B6-3E5A-91DE-F9B3FCC6A9BA}.MinSizeRel|Win32.Build.0 = MinSizeRel|Win32
		{7D05A2D2-F5B6-3E5A-91DE-F9B3FCC6A9BA}.RelWithDebInfo|Win32.ActiveCfg = RelWithDebInfo|Win32
		{7D05A2D2-F5B6-3E5A-91DE-F9B3FCC6A9BA}.RelWithDebInfo|Win32.Build.0 = RelWithDebInfo|Win32
		{251B5597-6091-3D78-A187-055F8164C449}.Debug|Win32.ActiveCfg = Debug|Win32
		{251B5597-6091-3D78-A187-055F8164C449}.Debug|Win32.Build.0 = Debug|Win32
		{251B5597-6091-3D78-A187-055F8164C449}.Release|Win32.ActiveCfg = Release|Win32
		{251B5597-6091-3D78-A187-055F8164C449}.Release|Win32.Build.0 = Release|Win32
		{251B5597-6091-3D78-A187-055F8164C449}.MinSizeRel|Win32.ActiveCfg = MinSizeRel|Win32
		{251B5597-6091-3D78-A187-055F8164C449}.MinSizeRel|Win32.Build.0 = MinSizeRel|Win32
		{251B5597-6091-3D78-A187-055F8164C449}.RelWithDebInfo|Win32.ActiveCfg = RelWithDebInfo|Win32
		{251B5597-6091-3D78-A187-055F8164C449}.RelWithDebInfo|Win32.Build.0 = RelWithDebInfo|Win32
		{B2EF3561-EDC2-3F4B-BAD2-6EBBF1005C5B}.Debug|Win32.ActiveCfg = Debug|Win32
		{B2EF3561-EDC2-3F4B-BAD2-6EBBF1005C5B}.Debug|Win32.Build.0 = Debug|Win32
		{B2EF3561-EDC2-3F4B-BAD2-6EBBF1005C5B}.Release|Win32.ActiveCfg = Release|Win32
		{B2EF3561-EDC2-3F4B-BAD2-6EBBF1005C5B}.Release|Win32.Build.0 = Release|Win32
		{B2EF3561-EDC2-3F4B-BAD2-6EBBF1005C5B}.MinSizeRel|Win32.ActiveCfg = MinSizeRel|Win32
		{B2EF3561-EDC2-3F4B-BAD2-6EBBF1005C5B}.MinSizeRel|Win32.Build.0 = MinSizeRel|Win32
		{B2EF3561-EDC2-3F4B-BAD2-6EBBF1005C5B}.RelWithDebInfo|Win32.ActiveCfg = RelWithDebInfo|Win32
		{B2EF3561-EDC2-3F4B-BAD2-6EBBF1005C5B}.RelWithDebInfo|Win32.Build.0 = RelWithDebInfo|Win32
		{8CF8F5BA-93F2-33F5-8056-F6E77EA7CE38}.Debug|Win32.ActiveCfg = Debug|Win32
		{8CF8F5BA-93F2-33F5-8056-F6E77EA7CE38}.Debug|Win32.Build.0 = Debug|Win32
		{8CF8F5BA-93F2-33F5-8056-F6E77EA7CE38}.Release|Win32.ActiveCfg = Release|Win32
		{8CF8F5BA-93F2-33F5-8056-F6E77EA7CE38}.Release|Win32.Build.0 = Release|Win32
		{8CF8F5BA-93F2-33F5-8056-F6E77EA7CE38}.MinSizeRel|Win32.ActiveCfg = MinSizeRel|Win32
		{8CF8F5BA-93F2-33F5-8056-F6E77EA7CE38}.MinSizeRel|Win32.Build.0 = MinSizeRel|Win32
		{8CF8F5BA-93F2-33F5-8056-F6E77EA7CE38}.RelWithDebInfo|Win32.ActiveCfg = RelWithDebInfo|Win32
		{8CF8F5BA-93F2-33F5-8056-F6E77EA7CE38}.RelWithDebInfo|Win32.Build.0 = RelWithDebInfo|Win32
		{AE479B4E-044D-3B3A-A085-877864B229E4}.Debug|Win32.ActiveCfg = Debug|Win32
		{AE479B4E-044D-3B3A-A085-877864B229E4}.Debug|Win32.Build.0 = Debug|Win32
		{AE479B4E-044D-3B3A-A085-877864B229E4}.Release|Win32.ActiveCfg = Release|Win32
		{AE479B4E-044D-3B3A-A085-877864B229E4}.Release|Win32.Build.0 = Release|Win32
		{AE479B4E-044D-3B3A-A085-877864B229E4}.MinSizeRel|Win32.ActiveCfg = MinSizeRel|Win32
		{AE479B4E-044D-3B3A-A085-877864B229E4}.MinSizeRel|Win32.Build.0 = MinSizeRel|Win32
		{AE479B4E-044D-3B3A-A085-877864B229E4}.RelWithDebInfo|Win32.ActiveCfg = RelWithDebInfo|Win32
		{AE479B4E-044D-3B3A-A085-877864B229E4}.RelWithDebInfo|Win32.Build.0 = RelWithDebInfo|Win32
		{6D8D5E5E-8C8D-32E9-9D4D-37C42CF36FBE}.Debug|Win32.ActiveCfg = Debug|Win32
		{6D8D5E5E-8C8D-32E9-9D4D-37C42CF36FBE}.Debug|Win32.Build.0 = Debug|Win32
		{6D8D5E5E-8C8D-32E9-9D4D-37C42CF36FBE}.Release|Win32.ActiveCfg = Release|Win32
		{6D8D5E5E-8C8D-32E9-9D4D-37C42CF36FBE}.Release|Win32.Build.0 = Release|Win32
		{6D8D5E5E-8C8D-32E9-9D4D-37C42CF36FBE}.MinSizeRel|Win32.ActiveCfg = MinSizeRel|Win32
		{6D8D5E5E-8C8D-32E9-9D4D-37C42CF36FBE}.MinSizeRel|Win32.Build.0 = MinSizeRel|Win32
		{6D8D5E5E-8C8D-32E9-9D4D-37C42CF36FBE}.RelWithDebInfo|Win32.ActiveCfg = RelWithDebInfo|Win32
		{6D8D5E5E-8C8D-32E9-9D4D-37C42CF36FBE}.RelWithDebInfo|Win32.Build.0 = RelWithDebInfo|Win32
		{A8ADBCC2-B75C-352A-BA33-E94FCBA65509}.Debug|Win32.ActiveCfg = Debug|Win32
		{A8ADBCC2-B75C-352A-BA33-E94FCBA65509}.Debug|Win32.Build.0 = Debug|Win32
		{A8ADBCC2-B75C-352A-BA33-E94FCBA65509}.Release|Win32.ActiveCfg = Release|Win32
		{A8ADBCC2-B75C-352A-BA33-E94FCBA65509}.Release|Win32.Build.0 = Release|Win32
		{A8ADBCC2-B75C-352A-BA33-E94FCBA65509}.MinSizeRel|Win32.ActiveCfg = MinSizeRel|Win32
		{A8ADBCC2-B75C-352A-BA33-E94FCBA65509}.MinSizeRel|Win32.Build.0 = MinSizeRel|Win32
		{A8ADBCC2-B75C-352A-BA33-E94FCBA65509}.RelWithDebInfo|Win32.ActiveCfg = RelWithDebInfo|Win32
		{A8ADBCC2-B75C-352A-BA33-E94FCBA65509}.RelWithDebInfo|Win32.Build.0 = RelWithDebInfo|Win32
		{40B83701-FC58-32CA-85C9-173DDAF752E0}.Debug|Win32.ActiveCfg = Debug|Win32
		{40B83701-FC58-32CA-85C9-173DDAF752E0}.Debug|Win32.Build.0 = Debug|Win32
		{40B83701-FC58-32CA-85C9-173DDAF752E0}.Release|Win32.ActiveCfg = Release|Win32
		{40B83701-FC58-32CA-85C9-173DDAF752E0}.Release|Win32.Build.0 = Release|Win32
		{40B83701-FC58-32CA-85C9-173DDAF752E0}.MinSizeRel|Win32.ActiveCfg = MinSizeRel|Win32
		{40B83701-FC58-32CA-85C9-173DDAF752E0}.MinSizeRel|Win32.Build.0 = MinSizeRel|Win32
		{40B83701-FC58-32CA-85C9-173DDAF752E0}.RelWithDebInfo|Win32.ActiveCfg = RelWithDebInfo|Win32
		{40B83701-FC58-32CA-85C9-173DDAF752E0}.RelWithDebInfo|Win32.Build.0 = RelWithDebInfo|Win32
		{CC5B2E3F-7D12-3351-AE15-32EF690EAC27}.Debug|Win32.ActiveCfg = Debug|Win32
		{CC5B2E3F-7D12-3351-AE15-32EF690EAC27}.Debug|Win32.Build.0 = Debug|Win32
		{CC5B2E3F-7D12-3351-AE15-32EF690EAC27}.Release|Win32.ActiveCfg = Release|Win32
		{CC5B2E3F-7D12-3351-AE15-32EF690EAC27}.Release|Win32.Build.0 = Release|Win32
		{CC5B2E3F-7D12-3351-AE15-32EF690EAC27}.MinSizeRel|Win32.ActiveCfg = MinSizeRel|Win32
		{CC5B2E3F-7D12-3351-AE15-32EF690EAC27}.MinSizeRel|Win32.Build.0 = MinSizeRel|Win32
		{CC5B2E3F-7D12-3351-AE15-32EF690EAC27}.RelWithDebInfo|Win32.ActiveCfg = RelWithDebInfo|Win32
		{CC5B2E3F-7D12-3351-AE15-32EF690EAC27}.RelWithDebInfo|Win32.Build.0 = RelWithDebInfo|Win32
		{60A73F4A-D722-3B1C-BB3A-E481BA6C559E}.Debug|Win32.ActiveCfg = Debug|Win32
		{60A73F4A-D722-3B1C-BB3A-E481BA6C559E}.Debug|Win32.Build.0 = Debug|Win32
		{60A73F4A-D722-3B1C-BB3A-E481BA6C559E}.Release|Win32.ActiveCfg = Release|Win32
		{60A73F4A-D722-3B1C-BB3A-E481BA6C559E}.Release|Win32.Build.0 = Release|Win32
		{60A73F4A-D722-3B1C-BB3A-E481BA6C559E}.MinSizeRel|Win32.ActiveCfg = MinSizeRel|Win32
		{60A73F4A-D722-3B1C-BB3A-E481BA6C559E}.MinSizeRel|Win32.Build.0 = MinSizeRel|Win32
		{60A73F4A-D722-3B1C-BB3A-E481BA6C559E}.RelWithDebInfo|Win32.ActiveCfg = RelWithDebInfo|Win32
		{60A73F4A-D722-3B1C-BB3A-E481BA6C559E}.RelWithDebInfo|Win32.Build.0 = RelWithDebInfo|Win32
	EndGlobalSection
	GlobalSection(ExtensibilityGlobals) = postSolution
	EndGlobalSection
	GlobalSection(ExtensibilityAddIns) = postSolution
	EndGlobalSection
EndGlobal
